
Microsoft Visual Studio Solution File, Format Version 12.00
# Visual Studio 15
VisualStudioVersion = 15.0.26730.12
MinimumVisualStudioVersion = 10.0.40219.1
Project("{FAE04EC0-301F-11D3-BF4B-00C04F79EFBC}") = "InvestAdvisor.Web", "InvestAdvisor.Web\InvestAdvisor.Web.csproj", "{708E1E10-991C-40A6-8BFA-DA18778E6C77}"
EndProject
Project("{FAE04EC0-301F-11D3-BF4B-00C04F79EFBC}") = "InvestAdvisor.Data", "InvestAdvisor.Data\InvestAdvisor.Data.csproj", "{9D2AE960-4A25-4CBA-922A-0F1E907286FD}"
EndProject
Project("{FAE04EC0-301F-11D3-BF4B-00C04F79EFBC}") = "InvestAdvisor.Model", "InvestAdvisor.Model\InvestAdvisor.Model.csproj", "{72156E99-5957-42E8-B52A-83CD84983787}"
EndProject
Project("{FAE04EC0-301F-11D3-BF4B-00C04F79EFBC}") = "InvestAdvisor.Services", "InvestAdvisor.Services\InvestAdvisor.Services.csproj", "{E0E77650-744B-4635-A2F2-AA0C7F4F963E}"
EndProject
Project("{FAE04EC0-301F-11D3-BF4B-00C04F79EFBC}") = "InvestAdvisor.Entities", "InvestAdvosor.Entities\InvestAdvisor.Entities.csproj", "{E4747874-C719-476C-BC7D-579EB669C031}"
EndProject
Project("{FAE04EC0-301F-11D3-BF4B-00C04F79EFBC}") = "InvestAdvisor.Common", "InvestAdvisor.Common\InvestAdvisor.Common.csproj", "{2EC6CE46-45BA-444B-92E7-6F7286BCACFF}"
EndProject
Project("{FAE04EC0-301F-11D3-BF4B-00C04F79EFBC}") = "InvestAdvisor.Web.Landing", "InvestAdvisor.Web.Landing\InvestAdvisor.Web.Landing.csproj", "{8030CD1B-8D27-4F18-8572-FF24D99D3947}"
EndProject
Global
	GlobalSection(SolutionConfigurationPlatforms) = preSolution
		Debug|Any CPU = Debug|Any CPU
		Release|Any CPU = Release|Any CPU
	EndGlobalSection
	GlobalSection(ProjectConfigurationPlatforms) = postSolution
		{708E1E10-991C-40A6-8BFA-DA18778E6C77}.Debug|Any CPU.ActiveCfg = Debug|Any CPU
		{708E1E10-991C-40A6-8BFA-DA18778E6C77}.Debug|Any CPU.Build.0 = Debug|Any CPU
		{708E1E10-991C-40A6-8BFA-DA18778E6C77}.Release|Any CPU.ActiveCfg = Release|Any CPU
		{708E1E10-991C-40A6-8BFA-DA18778E6C77}.Release|Any CPU.Build.0 = Release|Any CPU
		{9D2AE960-4A25-4CBA-922A-0F1E907286FD}.Debug|Any CPU.ActiveCfg = Debug|Any CPU
		{9D2AE960-4A25-4CBA-922A-0F1E907286FD}.Debug|Any CPU.Build.0 = Debug|Any CPU
		{9D2AE960-4A25-4CBA-922A-0F1E907286FD}.Release|Any CPU.ActiveCfg = Release|Any CPU
		{9D2AE960-4A25-4CBA-922A-0F1E907286FD}.Release|Any CPU.Build.0 = Release|Any CPU
		{72156E99-5957-42E8-B52A-83CD84983787}.Debug|Any CPU.ActiveCfg = Debug|Any CPU
		{72156E99-5957-42E8-B52A-83CD84983787}.Debug|Any CPU.Build.0 = Debug|Any CPU
		{72156E99-5957-42E8-B52A-83CD84983787}.Release|Any CPU.ActiveCfg = Release|Any CPU
		{72156E99-5957-42E8-B52A-83CD84983787}.Release|Any CPU.Build.0 = Release|Any CPU
		{E0E77650-744B-4635-A2F2-AA0C7F4F963E}.Debug|Any CPU.ActiveCfg = Debug|Any CPU
		{E0E77650-744B-4635-A2F2-AA0C7F4F963E}.Debug|Any CPU.Build.0 = Debug|Any CPU
		{E0E77650-744B-4635-A2F2-AA0C7F4F963E}.Release|Any CPU.ActiveCfg = Release|Any CPU
		{E0E77650-744B-4635-A2F2-AA0C7F4F963E}.Release|Any CPU.Build.0 = Release|Any CPU
		{E4747874-C719-476C-BC7D-579EB669C031}.Debug|Any CPU.ActiveCfg = Debug|Any CPU
		{E4747874-C719-476C-BC7D-579EB669C031}.Debug|Any CPU.Build.0 = Debug|Any CPU
		{E4747874-C719-476C-BC7D-579EB669C031}.Release|Any CPU.ActiveCfg = Release|Any CPU
		{E4747874-C719-476C-BC7D-579EB669C031}.Release|Any CPU.Build.0 = Release|Any CPU
		{2EC6CE46-45BA-444B-92E7-6F7286BCACFF}.Debug|Any CPU.ActiveCfg = Debug|Any CPU
		{2EC6CE46-45BA-444B-92E7-6F7286BCACFF}.Debug|Any CPU.Build.0 = Debug|Any CPU
		{2EC6CE46-45BA-444B-92E7-6F7286BCACFF}.Release|Any CPU.ActiveCfg = Release|Any CPU
		{2EC6CE46-45BA-444B-92E7-6F7286BCACFF}.Release|Any CPU.Build.0 = Release|Any CPU
		{8030CD1B-8D27-4F18-8572-FF24D99D3947}.Debug|Any CPU.ActiveCfg = Debug|Any CPU
		{8030CD1B-8D27-4F18-8572-FF24D99D3947}.Debug|Any CPU.Build.0 = Debug|Any CPU
		{8030CD1B-8D27-4F18-8572-FF24D99D3947}.Release|Any CPU.ActiveCfg = Release|Any CPU
		{8030CD1B-8D27-4F18-8572-FF24D99D3947}.Release|Any CPU.Build.0 = Release|Any CPU
	EndGlobalSection
	GlobalSection(SolutionProperties) = preSolution
		HideSolutionNode = FALSE
	EndGlobalSection
	GlobalSection(ExtensibilityGlobals) = postSolution
		SolutionGuid = {3AB939AD-08FB-4461-B403-AA8A43BE61CA}
	EndGlobalSection
EndGlobal
